
Microsoft Visual Studio Solution File, Format Version 12.00
# Visual Studio 15
VisualStudioVersion = 15.0.26228.12
MinimumVisualStudioVersion = 10.0.40219.1
Project("{E24C65DC-7377-472B-9ABA-BC803B73C61A}") = "FinallProject", "..\..\WebSites\FinallProject\", "{BA353AF2-1C60-429E-9B8C-D4EF2CF714CC}"
	ProjectSection(WebsiteProperties) = preProject
		TargetFrameworkMoniker = ".NETFramework,Version%3Dv4.5.2"
		Debug.AspNetCompiler.VirtualPath = "/localhost_56524"
		Debug.AspNetCompiler.PhysicalPath = "..\..\WebSites\FinallProject\"
		Debug.AspNetCompiler.TargetPath = "PrecompiledWeb\localhost_56524\"
		Debug.AspNetCompiler.Updateable = "true"
		Debug.AspNetCompiler.ForceOverwrite = "true"
		Debug.AspNetCompiler.FixedNames = "false"
		Debug.AspNetCompiler.Debug = "True"
		Release.AspNetCompiler.VirtualPath = "/localhost_56524"
		Release.AspNetCompiler.PhysicalPath = "..\..\WebSites\FinallProject\"
		Release.AspNetCompiler.TargetPath = "PrecompiledWeb\localhost_56524\"
		Release.AspNetCompiler.Updateable = "true"
		Release.AspNetCompiler.ForceOverwrite = "true"
		Release.AspNetCompiler.FixedNames = "false"
		Release.AspNetCompiler.Debug = "False"
		VWDPort = "56524"
		SlnRelativePath = "..\..\WebSites\FinallProject\"
		DefaultWebSiteLanguage = "Visual C#"
	EndProjectSection
EndProject
Global
	GlobalSection(SolutionConfigurationPlatforms) = preSolution
		Debug|Any CPU = Debug|Any CPU
	EndGlobalSection
	GlobalSection(ProjectConfigurationPlatforms) = postSolution
		{BA353AF2-1C60-429E-9B8C-D4EF2CF714CC}.Debug|Any CPU.ActiveCfg = Debug|Any CPU
		{BA353AF2-1C60-429E-9B8C-D4EF2CF714CC}.Debug|Any CPU.Build.0 = Debug|Any CPU
	EndGlobalSection
	GlobalSection(SolutionProperties) = preSolution
		HideSolutionNode = FALSE
	EndGlobalSection
EndGlobal
